
Microsoft Visual Studio Solution File, Format Version 11.00
# Visual Studio 2010
Project("{FAE04EC0-301F-11D3-BF4B-00C04F79EFBC}") = "Multicriteria", "Multicriteria\Multicriteria.csproj", "{98BE0E6F-1A12-43E9-804D-D7B16B62D139}"
EndProject
Project("{F2A71F9B-5D33-465A-A702-920D77279786}") = "MathLib", "MathLib\MathLib.fsproj", "{419BA130-A494-451F-8E4D-5F37D551013F}"
EndProject
Global
	GlobalSection(SolutionConfigurationPlatforms) = preSolution
		Debug|Any CPU = Debug|Any CPU
		Debug|Mixed Platforms = Debug|Mixed Platforms
		Debug|x86 = Debug|x86
		Release|Any CPU = Release|Any CPU
		Release|Mixed Platforms = Release|Mixed Platforms
		Release|x86 = Release|x86
	EndGlobalSection
	GlobalSection(ProjectConfigurationPlatforms) = postSolution
		{98BE0E6F-1A12-43E9-804D-D7B16B62D139}.Debug|Any CPU.ActiveCfg = Debug|Any CPU
		{98BE0E6F-1A12-43E9-804D-D7B16B62D139}.Debug|Any CPU.Build.0 = Debug|Any CPU
		{98BE0E6F-1A12-43E9-804D-D7B16B62D139}.Debug|Mixed Platforms.ActiveCfg = Debug|Any CPU
		{98BE0E6F-1A12-43E9-804D-D7B16B62D139}.Debug|Mixed Platforms.Build.0 = Debug|Any CPU
		{98BE0E6F-1A12-43E9-804D-D7B16B62D139}.Debug|x86.ActiveCfg = Debug|Any CPU
		{98BE0E6F-1A12-43E9-804D-D7B16B62D139}.Release|Any CPU.ActiveCfg = Release|Any CPU
		{98BE0E6F-1A12-43E9-804D-D7B16B62D139}.Release|Any CPU.Build.0 = Release|Any CPU
		{98BE0E6F-1A12-43E9-804D-D7B16B62D139}.Release|Mixed Platforms.ActiveCfg = Release|Any CPU
		{98BE0E6F-1A12-43E9-804D-D7B16B62D139}.Release|Mixed Platforms.Build.0 = Release|Any CPU
		{98BE0E6F-1A12-43E9-804D-D7B16B62D139}.Release|x86.ActiveCfg = Release|Any CPU
		{419BA130-A494-451F-8E4D-5F37D551013F}.Debug|Any CPU.ActiveCfg = Debug|Any CPU
		{419BA130-A494-451F-8E4D-5F37D551013F}.Debug|Any CPU.Build.0 = Debug|Any CPU
		{419BA130-A494-451F-8E4D-5F37D551013F}.Debug|Mixed Platforms.ActiveCfg = Debug|Any CPU
		{419BA130-A494-451F-8E4D-5F37D551013F}.Debug|Mixed Platforms.Build.0 = Debug|Any CPU
		{419BA130-A494-451F-8E4D-5F37D551013F}.Debug|x86.ActiveCfg = Debug|Any CPU
		{419BA130-A494-451F-8E4D-5F37D551013F}.Release|Any CPU.ActiveCfg = Release|Any CPU
		{419BA130-A494-451F-8E4D-5F37D551013F}.Release|Any CPU.Build.0 = Release|Any CPU
		{419BA130-A494-451F-8E4D-5F37D551013F}.Release|Mixed Platforms.ActiveCfg = Release|Any CPU
		{419BA130-A494-451F-8E4D-5F37D551013F}.Release|Mixed Platforms.Build.0 = Release|Any CPU
		{419BA130-A494-451F-8E4D-5F37D551013F}.Release|x86.ActiveCfg = Release|Any CPU
	EndGlobalSection
	GlobalSection(SolutionProperties) = preSolution
		HideSolutionNode = FALSE
	EndGlobalSection
EndGlobal
